%{
  "benchee": {:hex, :benchee, "1.0.1", "66b211f9bfd84bd97e6d1beaddf8fc2312aaabe192f776e8931cb0c16f53a521", [:mix], [{:deep_merge, "~> 1.0", [hex: :deep_merge, repo: "hexpm", optional: false]}], "hexpm", "3ad58ae787e9c7c94dd7ceda3b587ec2c64604563e049b2a0e8baafae832addb"},
  "deep_merge": {:hex, :deep_merge, "1.0.0", "b4aa1a0d1acac393bdf38b2291af38cb1d4a52806cf7a4906f718e1feb5ee961", [:mix], [], "hexpm", "ce708e5f094b9cd4e8f2be4f00d2f4250c4095be93f8cd6d018c753894885430"},
  "erlsom": {:hex, :erlsom, "1.5.0", "c5a5cdd0ee0e8dca62bcc4b13ff08da24fdefc16ccd8b25282a2fda2ba1be24a", [:rebar3], [], "hexpm", "55a9dbf9cfa77fcfc108bd8e2c4f9f784dea228a8f4b06ea10b684944946955a"},
  "exomler": {:git, "https://github.com/erlangbureau/exomler.git", "27209acb4231b5da5d167dd1f85ee08c9a654793", []},
  "xml_builder": {:hex, :xml_builder, "2.1.4", "e60e21c0a39b9dd8dec1db5a2525c713f7fe4e85ed247caedf22a9bcdd2d5069", [:mix], [], "hexpm", "48188a4df8b9168ceb8318d128299bce064d272e18967349b2592347c434e677"},
}
